
Microsoft Visual Studio Solution File, Format Version 12.00
# Visual Studio Version 17
VisualStudioVersion = 17.10.35027.167
MinimumVisualStudioVersion = 10.0.40219.1
Project("{2150E333-8FDC-42A3-9474-1A3956D46DE8}") = "Navistar.Model", "Navistar.Model", "{CB906434-5ABC-4F6D-A452-C51E559E5FB1}"
EndProject
Project("{9A19103F-16F7-4668-BE54-9A1E7A4F7556}") = "Navistar.Model.common", "Navistar.Model.common\Navistar.Model.common.csproj", "{74FE9D8E-499A-49D2-8A73-DF17F5776B16}"
EndProject
Project("{9A19103F-16F7-4668-BE54-9A1E7A4F7556}") = "Navistar.Model.Request", "Navistar.Model.Request\Navistar.Model.Request.csproj", "{7F74D03C-2864-488F-8419-85C2EBBED3C7}"
EndProject
Project("{9A19103F-16F7-4668-BE54-9A1E7A4F7556}") = "Navistar.Model.Response", "Navistar.Model.Response\Navistar.Model.Response.csproj", "{830AE777-AE1D-4C73-A32C-FA1A27F46773}"
EndProject
Project("{2150E333-8FDC-42A3-9474-1A3956D46DE8}") = "Navistar.Data.Access.Objects", "Navistar.Data.Access.Objects", "{DDEAE5CA-DA9E-4F35-9465-B1204F8BD917}"
EndProject
Project("{9A19103F-16F7-4668-BE54-9A1E7A4F7556}") = "Navistar.Model.Factory", "Navistar.Model.Factory\Navistar.Model.Factory.csproj", "{987B0359-D7B1-4384-8617-4F9CE08E395A}"
EndProject
Project("{9A19103F-16F7-4668-BE54-9A1E7A4F7556}") = "Navistar.DataContext", "Navistar.DataContext\Navistar.DataContext.csproj", "{D1683A60-D567-4D8B-90D0-DA61B7BE652D}"
EndProject
Project("{2150E333-8FDC-42A3-9474-1A3956D46DE8}") = "Navistar.Business", "Navistar.Business", "{FB550569-719E-444E-B5CE-63A8EFA5A51A}"
EndProject
Project("{9A19103F-16F7-4668-BE54-9A1E7A4F7556}") = "Navistar.Web.API", "Navistar.Web.API\Navistar.Web.API.csproj", "{89F783E1-3631-480B-A75D-0DC72A9296CC}"
EndProject
Project("{2150E333-8FDC-42A3-9474-1A3956D46DE8}") = "Navistar.Utils", "Navistar.Utils", "{CDDA63CC-C055-44EF-AFDB-7C7FDBD583B2}"
EndProject
Project("{9A19103F-16F7-4668-BE54-9A1E7A4F7556}") = "Navistar.Utils.Logger", "Navistar.Utils.Logger\Navistar.Utils.Logger.csproj", "{05D092FE-59E2-4F74-9309-2E4111C68ECC}"
EndProject
Project("{9A19103F-16F7-4668-BE54-9A1E7A4F7556}") = "Navistar.DAO.Core", "Navistar.DAO.Core\Navistar.DAO.Core.csproj", "{94DF4199-083E-4E5F-91CA-E845FF5E944B}"
EndProject
Project("{9A19103F-16F7-4668-BE54-9A1E7A4F7556}") = "Navistar.DAO.CoreImp", "Navistar.DAO.CoreImp\Navistar.DAO.CoreImp.csproj", "{EF789ED1-78A7-43F9-B4D4-49E091B7A0D3}"
EndProject
Project("{9A19103F-16F7-4668-BE54-9A1E7A4F7556}") = "Navistar.Business.Core", "Navistar.Business.Core\Navistar.Business.Core.csproj", "{E935F9B4-653C-4355-B3F6-37AA57926D68}"
EndProject
Project("{9A19103F-16F7-4668-BE54-9A1E7A4F7556}") = "Navistar.Business.CoreImp", "Navistar.Business.CoreImp\Navistar.Business.CoreImp.csproj", "{EEE85663-E75A-4DFA-8A4C-7FE751128215}"
EndProject
Project("{9A19103F-16F7-4668-BE54-9A1E7A4F7556}") = "Navistar.Utils.Core", "Navistar.Utils.Core\Navistar.Utils.Core.csproj", "{C4AB0B7C-3475-4765-8E82-13E46F40A2C9}"
EndProject
Project("{9A19103F-16F7-4668-BE54-9A1E7A4F7556}") = "Navistar.Test.Business.CoreImp", "Navistar.Test.Business.CoreImp\Navistar.Test.Business.CoreImp.csproj", "{05C8AF71-C17C-4CA6-97FB-175361C120FA}"
EndProject
Project("{2150E333-8FDC-42A3-9474-1A3956D46DE8}") = "Navistar.Test", "Navistar.Test", "{C4BF7709-AEF7-4800-88B7-FE227FE91C66}"
EndProject
Project("{2150E333-8FDC-42A3-9474-1A3956D46DE8}") = "Navistar.Repository", "Navistar.Repository", "{55A83740-72EB-4553-ACC0-ADBAAD51832D}"
EndProject
Project("{2150E333-8FDC-42A3-9474-1A3956D46DE8}") = "Navistar.Database", "Navistar.Database", "{3A94D89A-BA41-41DC-AB74-1EFEE9A603CA}"
EndProject
Project("{9A19103F-16F7-4668-BE54-9A1E7A4F7556}") = "Navistar.Repository.Carga", "Navistar.Repository.Carga\Navistar.Repository.Carga.csproj", "{24FF33C7-E90A-4A5E-9E8C-59EED65D2457}"
EndProject
Project("{9A19103F-16F7-4668-BE54-9A1E7A4F7556}") = "Navistar.Repository.CargaImp", "Navistar.Repository.CargaImp\Navistar.Repository.CargaImp.csproj", "{F588BC34-6549-4C56-BB3B-4B4EBEBD32E3}"
EndProject
Project("{9A19103F-16F7-4668-BE54-9A1E7A4F7556}") = "Navistar.Database.Carga", "Navistar.Database.Carga\Navistar.Database.Carga.csproj", "{5788F0E3-8A40-4783-A0B6-3AE1016421A9}"
EndProject
Global
	GlobalSection(SolutionConfigurationPlatforms) = preSolution
		Debug|Any CPU = Debug|Any CPU
		Release|Any CPU = Release|Any CPU
	EndGlobalSection
	GlobalSection(ProjectConfigurationPlatforms) = postSolution
		{74FE9D8E-499A-49D2-8A73-DF17F5776B16}.Debug|Any CPU.ActiveCfg = Debug|Any CPU
		{74FE9D8E-499A-49D2-8A73-DF17F5776B16}.Debug|Any CPU.Build.0 = Debug|Any CPU
		{74FE9D8E-499A-49D2-8A73-DF17F5776B16}.Release|Any CPU.ActiveCfg = Release|Any CPU
		{74FE9D8E-499A-49D2-8A73-DF17F5776B16}.Release|Any CPU.Build.0 = Release|Any CPU
		{7F74D03C-2864-488F-8419-85C2EBBED3C7}.Debug|Any CPU.ActiveCfg = Debug|Any CPU
		{7F74D03C-2864-488F-8419-85C2EBBED3C7}.Debug|Any CPU.Build.0 = Debug|Any CPU
		{7F74D03C-2864-488F-8419-85C2EBBED3C7}.Release|Any CPU.ActiveCfg = Release|Any CPU
		{7F74D03C-2864-488F-8419-85C2EBBED3C7}.Release|Any CPU.Build.0 = Release|Any CPU
		{830AE777-AE1D-4C73-A32C-FA1A27F46773}.Debug|Any CPU.ActiveCfg = Debug|Any CPU
		{830AE777-AE1D-4C73-A32C-FA1A27F46773}.Debug|Any CPU.Build.0 = Debug|Any CPU
		{830AE777-AE1D-4C73-A32C-FA1A27F46773}.Release|Any CPU.ActiveCfg = Release|Any CPU
		{830AE777-AE1D-4C73-A32C-FA1A27F46773}.Release|Any CPU.Build.0 = Release|Any CPU
		{987B0359-D7B1-4384-8617-4F9CE08E395A}.Debug|Any CPU.ActiveCfg = Debug|Any CPU
		{987B0359-D7B1-4384-8617-4F9CE08E395A}.Debug|Any CPU.Build.0 = Debug|Any CPU
		{987B0359-D7B1-4384-8617-4F9CE08E395A}.Release|Any CPU.ActiveCfg = Release|Any CPU
		{987B0359-D7B1-4384-8617-4F9CE08E395A}.Release|Any CPU.Build.0 = Release|Any CPU
		{D1683A60-D567-4D8B-90D0-DA61B7BE652D}.Debug|Any CPU.ActiveCfg = Debug|Any CPU
		{D1683A60-D567-4D8B-90D0-DA61B7BE652D}.Debug|Any CPU.Build.0 = Debug|Any CPU
		{D1683A60-D567-4D8B-90D0-DA61B7BE652D}.Release|Any CPU.ActiveCfg = Release|Any CPU
		{D1683A60-D567-4D8B-90D0-DA61B7BE652D}.Release|Any CPU.Build.0 = Release|Any CPU
		{89F783E1-3631-480B-A75D-0DC72A9296CC}.Debug|Any CPU.ActiveCfg = Debug|Any CPU
		{89F783E1-3631-480B-A75D-0DC72A9296CC}.Debug|Any CPU.Build.0 = Debug|Any CPU
		{89F783E1-3631-480B-A75D-0DC72A9296CC}.Release|Any CPU.ActiveCfg = Release|Any CPU
		{89F783E1-3631-480B-A75D-0DC72A9296CC}.Release|Any CPU.Build.0 = Release|Any CPU
		{05D092FE-59E2-4F74-9309-2E4111C68ECC}.Debug|Any CPU.ActiveCfg = Debug|Any CPU
		{05D092FE-59E2-4F74-9309-2E4111C68ECC}.Debug|Any CPU.Build.0 = Debug|Any CPU
		{05D092FE-59E2-4F74-9309-2E4111C68ECC}.Release|Any CPU.ActiveCfg = Release|Any CPU
		{05D092FE-59E2-4F74-9309-2E4111C68ECC}.Release|Any CPU.Build.0 = Release|Any CPU
		{94DF4199-083E-4E5F-91CA-E845FF5E944B}.Debug|Any CPU.ActiveCfg = Debug|Any CPU
		{94DF4199-083E-4E5F-91CA-E845FF5E944B}.Debug|Any CPU.Build.0 = Debug|Any CPU
		{94DF4199-083E-4E5F-91CA-E845FF5E944B}.Release|Any CPU.ActiveCfg = Release|Any CPU
		{94DF4199-083E-4E5F-91CA-E845FF5E944B}.Release|Any CPU.Build.0 = Release|Any CPU
		{EF789ED1-78A7-43F9-B4D4-49E091B7A0D3}.Debug|Any CPU.ActiveCfg = Debug|Any CPU
		{EF789ED1-78A7-43F9-B4D4-49E091B7A0D3}.Debug|Any CPU.Build.0 = Debug|Any CPU
		{EF789ED1-78A7-43F9-B4D4-49E091B7A0D3}.Release|Any CPU.ActiveCfg = Release|Any CPU
		{EF789ED1-78A7-43F9-B4D4-49E091B7A0D3}.Release|Any CPU.Build.0 = Release|Any CPU
		{E935F9B4-653C-4355-B3F6-37AA57926D68}.Debug|Any CPU.ActiveCfg = Debug|Any CPU
		{E935F9B4-653C-4355-B3F6-37AA57926D68}.Debug|Any CPU.Build.0 = Debug|Any CPU
		{E935F9B4-653C-4355-B3F6-37AA57926D68}.Release|Any CPU.ActiveCfg = Release|Any CPU
		{E935F9B4-653C-4355-B3F6-37AA57926D68}.Release|Any CPU.Build.0 = Release|Any CPU
		{EEE85663-E75A-4DFA-8A4C-7FE751128215}.Debug|Any CPU.ActiveCfg = Debug|Any CPU
		{EEE85663-E75A-4DFA-8A4C-7FE751128215}.Debug|Any CPU.Build.0 = Debug|Any CPU
		{EEE85663-E75A-4DFA-8A4C-7FE751128215}.Release|Any CPU.ActiveCfg = Release|Any CPU
		{EEE85663-E75A-4DFA-8A4C-7FE751128215}.Release|Any CPU.Build.0 = Release|Any CPU
		{C4AB0B7C-3475-4765-8E82-13E46F40A2C9}.Debug|Any CPU.ActiveCfg = Debug|Any CPU
		{C4AB0B7C-3475-4765-8E82-13E46F40A2C9}.Debug|Any CPU.Build.0 = Debug|Any CPU
		{C4AB0B7C-3475-4765-8E82-13E46F40A2C9}.Release|Any CPU.ActiveCfg = Release|Any CPU
		{C4AB0B7C-3475-4765-8E82-13E46F40A2C9}.Release|Any CPU.Build.0 = Release|Any CPU
		{05C8AF71-C17C-4CA6-97FB-175361C120FA}.Debug|Any CPU.ActiveCfg = Debug|Any CPU
		{05C8AF71-C17C-4CA6-97FB-175361C120FA}.Debug|Any CPU.Build.0 = Debug|Any CPU
		{05C8AF71-C17C-4CA6-97FB-175361C120FA}.Release|Any CPU.ActiveCfg = Release|Any CPU
		{05C8AF71-C17C-4CA6-97FB-175361C120FA}.Release|Any CPU.Build.0 = Release|Any CPU
		{24FF33C7-E90A-4A5E-9E8C-59EED65D2457}.Debug|Any CPU.ActiveCfg = Debug|Any CPU
		{24FF33C7-E90A-4A5E-9E8C-59EED65D2457}.Debug|Any CPU.Build.0 = Debug|Any CPU
		{24FF33C7-E90A-4A5E-9E8C-59EED65D2457}.Release|Any CPU.ActiveCfg = Release|Any CPU
		{24FF33C7-E90A-4A5E-9E8C-59EED65D2457}.Release|Any CPU.Build.0 = Release|Any CPU
		{F588BC34-6549-4C56-BB3B-4B4EBEBD32E3}.Debug|Any CPU.ActiveCfg = Debug|Any CPU
		{F588BC34-6549-4C56-BB3B-4B4EBEBD32E3}.Debug|Any CPU.Build.0 = Debug|Any CPU
		{F588BC34-6549-4C56-BB3B-4B4EBEBD32E3}.Release|Any CPU.ActiveCfg = Release|Any CPU
		{F588BC34-6549-4C56-BB3B-4B4EBEBD32E3}.Release|Any CPU.Build.0 = Release|Any CPU
		{5788F0E3-8A40-4783-A0B6-3AE1016421A9}.Debug|Any CPU.ActiveCfg = Debug|Any CPU
		{5788F0E3-8A40-4783-A0B6-3AE1016421A9}.Debug|Any CPU.Build.0 = Debug|Any CPU
		{5788F0E3-8A40-4783-A0B6-3AE1016421A9}.Release|Any CPU.ActiveCfg = Release|Any CPU
		{5788F0E3-8A40-4783-A0B6-3AE1016421A9}.Release|Any CPU.Build.0 = Release|Any CPU
	EndGlobalSection
	GlobalSection(SolutionProperties) = preSolution
		HideSolutionNode = FALSE
	EndGlobalSection
	GlobalSection(NestedProjects) = preSolution
		{74FE9D8E-499A-49D2-8A73-DF17F5776B16} = {CB906434-5ABC-4F6D-A452-C51E559E5FB1}
		{7F74D03C-2864-488F-8419-85C2EBBED3C7} = {CB906434-5ABC-4F6D-A452-C51E559E5FB1}
		{830AE777-AE1D-4C73-A32C-FA1A27F46773} = {CB906434-5ABC-4F6D-A452-C51E559E5FB1}
		{987B0359-D7B1-4384-8617-4F9CE08E395A} = {CB906434-5ABC-4F6D-A452-C51E559E5FB1}
		{D1683A60-D567-4D8B-90D0-DA61B7BE652D} = {DDEAE5CA-DA9E-4F35-9465-B1204F8BD917}
		{05D092FE-59E2-4F74-9309-2E4111C68ECC} = {CDDA63CC-C055-44EF-AFDB-7C7FDBD583B2}
		{94DF4199-083E-4E5F-91CA-E845FF5E944B} = {DDEAE5CA-DA9E-4F35-9465-B1204F8BD917}
		{EF789ED1-78A7-43F9-B4D4-49E091B7A0D3} = {DDEAE5CA-DA9E-4F35-9465-B1204F8BD917}
		{E935F9B4-653C-4355-B3F6-37AA57926D68} = {FB550569-719E-444E-B5CE-63A8EFA5A51A}
		{EEE85663-E75A-4DFA-8A4C-7FE751128215} = {FB550569-719E-444E-B5CE-63A8EFA5A51A}
		{C4AB0B7C-3475-4765-8E82-13E46F40A2C9} = {CDDA63CC-C055-44EF-AFDB-7C7FDBD583B2}
		{05C8AF71-C17C-4CA6-97FB-175361C120FA} = {C4BF7709-AEF7-4800-88B7-FE227FE91C66}
		{24FF33C7-E90A-4A5E-9E8C-59EED65D2457} = {55A83740-72EB-4553-ACC0-ADBAAD51832D}
		{F588BC34-6549-4C56-BB3B-4B4EBEBD32E3} = {55A83740-72EB-4553-ACC0-ADBAAD51832D}
		{5788F0E3-8A40-4783-A0B6-3AE1016421A9} = {3A94D89A-BA41-41DC-AB74-1EFEE9A603CA}
	EndGlobalSection
	GlobalSection(ExtensibilityGlobals) = postSolution
		SolutionGuid = {25939001-A102-4563-A6AE-FA6AC0AF7A54}
	EndGlobalSection
EndGlobal
